
Microsoft Visual Studio Solution File, Format Version 12.00
# Visual Studio Version 17
VisualStudioVersion = 17.5.33016.33
MinimumVisualStudioVersion = 10.0.40219.1
Project("{FAE04EC0-301F-11D3-BF4B-00C04F79EFBC}") = "Test", "Test\Test.csproj", "{BB971F3A-33F5-4F7E-9816-93089E6AD544}"
EndProject
Global
	GlobalSection(SolutionConfigurationPlatforms) = preSolution
		Debug|Any CPU = Debug|Any CPU
		Release|Any CPU = Release|Any CPU
	EndGlobalSection
	GlobalSection(ProjectConfigurationPlatforms) = postSolution
		{BB971F3A-33F5-4F7E-9816-93089E6AD544}.Debug|Any CPU.ActiveCfg = Debug|Any CPU
		{BB971F3A-33F5-4F7E-9816-93089E6AD544}.Debug|Any CPU.Build.0 = Debug|Any CPU
		{BB971F3A-33F5-4F7E-9816-93089E6AD544}.Release|Any CPU.ActiveCfg = Release|Any CPU
		{BB971F3A-33F5-4F7E-9816-93089E6AD544}.Release|Any CPU.Build.0 = Release|Any CPU
	EndGlobalSection
	GlobalSection(SolutionProperties) = preSolution
		HideSolutionNode = FALSE
	EndGlobalSection
	GlobalSection(ExtensibilityGlobals) = postSolution
		SolutionGuid = {BBE014CA-28BC-4C7F-9523-6029ABF6D257}
	EndGlobalSection
EndGlobal
